
Microsoft Visual Studio Solution File, Format Version 12.00
# Visual Studio 2015
Project("{FAE04EC0-301F-11D3-BF4B-00C04F79EFBC}") = "LivingRoomAndroidVersion", "LivingRoomAndroidVersion.csproj", "{43C98772-5724-FADB-48ED-83AFA916891E}"
EndProject
Project("{FAE04EC0-301F-11D3-BF4B-00C04F79EFBC}") = "LivingRoomAndroidVersion.Editor", "LivingRoomAndroidVersion.Editor.csproj", "{3E520EFC-2DEF-C0E7-E0A3-06E08AEAE27C}"
EndProject
Global
	GlobalSection(SolutionConfigurationPlatforms) = preSolution
		Debug|Any CPU = Debug|Any CPU
		Release|Any CPU = Release|Any CPU
	EndGlobalSection
	GlobalSection(ProjectConfigurationPlatforms) = postSolution
		{43C98772-5724-FADB-48ED-83AFA916891E}.Debug|Any CPU.ActiveCfg = Debug|Any CPU
		{43C98772-5724-FADB-48ED-83AFA916891E}.Debug|Any CPU.Build.0 = Debug|Any CPU
		{43C98772-5724-FADB-48ED-83AFA916891E}.Release|Any CPU.ActiveCfg = Release|Any CPU
		{43C98772-5724-FADB-48ED-83AFA916891E}.Release|Any CPU.Build.0 = Release|Any CPU
		{3E520EFC-2DEF-C0E7-E0A3-06E08AEAE27C}.Debug|Any CPU.ActiveCfg = Debug|Any CPU
		{3E520EFC-2DEF-C0E7-E0A3-06E08AEAE27C}.Debug|Any CPU.Build.0 = Debug|Any CPU
		{3E520EFC-2DEF-C0E7-E0A3-06E08AEAE27C}.Release|Any CPU.ActiveCfg = Release|Any CPU
		{3E520EFC-2DEF-C0E7-E0A3-06E08AEAE27C}.Release|Any CPU.Build.0 = Release|Any CPU
	EndGlobalSection
	GlobalSection(SolutionProperties) = preSolution
		HideSolutionNode = FALSE
	EndGlobalSection
EndGlobal
